
Microsoft Visual Studio Solution File, Format Version 12.00
Project("{FAE04EC0-301F-11D3-BF4B-00C04F79EFBC}") = "instructions", "instructions\instructions.csproj", "{097F32C1-C347-4DA0-A38F-3B38A40E7D14}"
EndProject
Project("{FAE04EC0-301F-11D3-BF4B-00C04F79EFBC}") = "iteration", "iteration\iteration.csproj", "{8C15EB7B-0A36-48B2-9E7D-674BFABCC003}"
EndProject
Project("{FAE04EC0-301F-11D3-BF4B-00C04F79EFBC}") = "methodes", "methodes\methodes.csproj", "{78B4D31B-242E-4C03-9CAE-33AB33CE4F3A}"
EndProject
Project("{FAE04EC0-301F-11D3-BF4B-00C04F79EFBC}") = "surcharge", "surcharge\surcharge.csproj", "{BC44A80E-C6DF-403A-BC78-063BFAA67930}"
EndProject
Global
	GlobalSection(SolutionConfigurationPlatforms) = preSolution
		Debug|Any CPU = Debug|Any CPU
		Release|Any CPU = Release|Any CPU
	EndGlobalSection
	GlobalSection(ProjectConfigurationPlatforms) = postSolution
		{097F32C1-C347-4DA0-A38F-3B38A40E7D14}.Debug|Any CPU.ActiveCfg = Debug|Any CPU
		{097F32C1-C347-4DA0-A38F-3B38A40E7D14}.Debug|Any CPU.Build.0 = Debug|Any CPU
		{097F32C1-C347-4DA0-A38F-3B38A40E7D14}.Release|Any CPU.ActiveCfg = Release|Any CPU
		{097F32C1-C347-4DA0-A38F-3B38A40E7D14}.Release|Any CPU.Build.0 = Release|Any CPU
		{8C15EB7B-0A36-48B2-9E7D-674BFABCC003}.Debug|Any CPU.ActiveCfg = Debug|Any CPU
		{8C15EB7B-0A36-48B2-9E7D-674BFABCC003}.Debug|Any CPU.Build.0 = Debug|Any CPU
		{8C15EB7B-0A36-48B2-9E7D-674BFABCC003}.Release|Any CPU.ActiveCfg = Release|Any CPU
		{8C15EB7B-0A36-48B2-9E7D-674BFABCC003}.Release|Any CPU.Build.0 = Release|Any CPU
		{78B4D31B-242E-4C03-9CAE-33AB33CE4F3A}.Debug|Any CPU.ActiveCfg = Debug|Any CPU
		{78B4D31B-242E-4C03-9CAE-33AB33CE4F3A}.Debug|Any CPU.Build.0 = Debug|Any CPU
		{78B4D31B-242E-4C03-9CAE-33AB33CE4F3A}.Release|Any CPU.ActiveCfg = Release|Any CPU
		{78B4D31B-242E-4C03-9CAE-33AB33CE4F3A}.Release|Any CPU.Build.0 = Release|Any CPU
		{BC44A80E-C6DF-403A-BC78-063BFAA67930}.Debug|Any CPU.ActiveCfg = Debug|Any CPU
		{BC44A80E-C6DF-403A-BC78-063BFAA67930}.Debug|Any CPU.Build.0 = Debug|Any CPU
		{BC44A80E-C6DF-403A-BC78-063BFAA67930}.Release|Any CPU.ActiveCfg = Release|Any CPU
		{BC44A80E-C6DF-403A-BC78-063BFAA67930}.Release|Any CPU.Build.0 = Release|Any CPU
	EndGlobalSection
EndGlobal
